
Microsoft Visual Studio Solution File, Format Version 12.00
# Visual Studio Version 16
VisualStudioVersion = 16.0.30717.126
MinimumVisualStudioVersion = 10.0.40219.1
Project("{FAE04EC0-301F-11D3-BF4B-00C04F79EFBC}") = "BridgePattern", "BridgePattern.csproj", "{60F25C60-CA36-495B-A4BF-28A6553E50D1}"
EndProject
Global
	GlobalSection(SolutionConfigurationPlatforms) = preSolution
		Debug|Any CPU = Debug|Any CPU
		Release|Any CPU = Release|Any CPU
	EndGlobalSection
	GlobalSection(ProjectConfigurationPlatforms) = postSolution
		{60F25C60-CA36-495B-A4BF-28A6553E50D1}.Debug|Any CPU.ActiveCfg = Debug|Any CPU
		{60F25C60-CA36-495B-A4BF-28A6553E50D1}.Debug|Any CPU.Build.0 = Debug|Any CPU
		{60F25C60-CA36-495B-A4BF-28A6553E50D1}.Release|Any CPU.ActiveCfg = Release|Any CPU
		{60F25C60-CA36-495B-A4BF-28A6553E50D1}.Release|Any CPU.Build.0 = Release|Any CPU
	EndGlobalSection
	GlobalSection(SolutionProperties) = preSolution
		HideSolutionNode = FALSE
	EndGlobalSection
	GlobalSection(ExtensibilityGlobals) = postSolution
		SolutionGuid = {4D744969-6473-4E08-8755-D50586967679}
	EndGlobalSection
EndGlobal
