
Microsoft Visual Studio Solution File, Format Version 12.00
# Visual Studio 15
VisualStudioVersion = 15.0.28307.136
MinimumVisualStudioVersion = 10.0.40219.1
Project("{FAE04EC0-301F-11D3-BF4B-00C04F79EFBC}") = "Interpreter", "Interpreter\Interpreter.csproj", "{393165DA-0294-41BD-BF37-57805D4F10F7}"
EndProject
Global
	GlobalSection(SolutionConfigurationPlatforms) = preSolution
		Debug|Any CPU = Debug|Any CPU
		Release|Any CPU = Release|Any CPU
	EndGlobalSection
	GlobalSection(ProjectConfigurationPlatforms) = postSolution
		{393165DA-0294-41BD-BF37-57805D4F10F7}.Debug|Any CPU.ActiveCfg = Debug|Any CPU
		{393165DA-0294-41BD-BF37-57805D4F10F7}.Debug|Any CPU.Build.0 = Debug|Any CPU
		{393165DA-0294-41BD-BF37-57805D4F10F7}.Release|Any CPU.ActiveCfg = Release|Any CPU
		{393165DA-0294-41BD-BF37-57805D4F10F7}.Release|Any CPU.Build.0 = Release|Any CPU
	EndGlobalSection
	GlobalSection(SolutionProperties) = preSolution
		HideSolutionNode = FALSE
	EndGlobalSection
	GlobalSection(ExtensibilityGlobals) = postSolution
		SolutionGuid = {54C64FB1-8863-46D8-BC9C-453A2429CBEB}
	EndGlobalSection
EndGlobal
