
Microsoft Visual Studio Solution File, Format Version 12.00
# Visual Studio Version 16
VisualStudioVersion = 16.0.28803.202
MinimumVisualStudioVersion = 10.0.40219.1
Project("{FAE04EC0-301F-11D3-BF4B-00C04F79EFBC}") = "csharp", "csharp\csharp.csproj", "{677F8244-47C5-4CD0-B319-73D8183B5EF5}"
EndProject
Global
	GlobalSection(SolutionConfigurationPlatforms) = preSolution
		Debug|Any CPU = Debug|Any CPU
		Release|Any CPU = Release|Any CPU
	EndGlobalSection
	GlobalSection(ProjectConfigurationPlatforms) = postSolution
		{677F8244-47C5-4CD0-B319-73D8183B5EF5}.Debug|Any CPU.ActiveCfg = Debug|Any CPU
		{677F8244-47C5-4CD0-B319-73D8183B5EF5}.Debug|Any CPU.Build.0 = Debug|Any CPU
		{677F8244-47C5-4CD0-B319-73D8183B5EF5}.Release|Any CPU.ActiveCfg = Release|Any CPU
		{677F8244-47C5-4CD0-B319-73D8183B5EF5}.Release|Any CPU.Build.0 = Release|Any CPU
	EndGlobalSection
	GlobalSection(SolutionProperties) = preSolution
		HideSolutionNode = FALSE
	EndGlobalSection
	GlobalSection(ExtensibilityGlobals) = postSolution
		SolutionGuid = {0ACA0915-16AC-4C14-98EC-A0D1EB0156C6}
	EndGlobalSection
EndGlobal
